
Microsoft Visual Studio Solution File, Format Version 12.00
# Visual Studio Version 17
VisualStudioVersion = 17.14.37111.16
MinimumVisualStudioVersion = 10.0.40219.1
Project("{FAE04EC0-301F-11D3-BF4B-00C04F79EFBC}") = "Shop.API", "Shop.API\Shop.API.csproj", "{CC638548-68AB-44CD-9887-0307D77C5E88}"
EndProject
Project("{FAE04EC0-301F-11D3-BF4B-00C04F79EFBC}") = "Shop.Client", "Shop.Client\Shop.Client.csproj", "{76008E18-25FD-4C03-8C1E-496F93DE11C2}"
EndProject
Project("{FAE04EC0-301F-11D3-BF4B-00C04F79EFBC}") = "Shop.Database", "Shop.Database\Shop.Database.csproj", "{ACEFC15C-5B87-4D58-926B-FC6EE7DFC7ED}"
EndProject
Project("{E53339B2-1760-4266-BCC7-CA923CBCF16C}") = "docker-compose", "docker-compose.dcproj", "{81DDED9D-158B-E303-5F62-77A2896D2A5A}"
EndProject
Global
	GlobalSection(SolutionConfigurationPlatforms) = preSolution
		Debug|Any CPU = Debug|Any CPU
		Release|Any CPU = Release|Any CPU
	EndGlobalSection
	GlobalSection(ProjectConfigurationPlatforms) = postSolution
		{CC638548-68AB-44CD-9887-0307D77C5E88}.Debug|Any CPU.ActiveCfg = Debug|Any CPU
		{CC638548-68AB-44CD-9887-0307D77C5E88}.Debug|Any CPU.Build.0 = Debug|Any CPU
		{CC638548-68AB-44CD-9887-0307D77C5E88}.Release|Any CPU.ActiveCfg = Release|Any CPU
		{CC638548-68AB-44CD-9887-0307D77C5E88}.Release|Any CPU.Build.0 = Release|Any CPU
		{76008E18-25FD-4C03-8C1E-496F93DE11C2}.Debug|Any CPU.ActiveCfg = Debug|Any CPU
		{76008E18-25FD-4C03-8C1E-496F93DE11C2}.Debug|Any CPU.Build.0 = Debug|Any CPU
		{76008E18-25FD-4C03-8C1E-496F93DE11C2}.Release|Any CPU.ActiveCfg = Release|Any CPU
		{76008E18-25FD-4C03-8C1E-496F93DE11C2}.Release|Any CPU.Build.0 = Release|Any CPU
		{ACEFC15C-5B87-4D58-926B-FC6EE7DFC7ED}.Debug|Any CPU.ActiveCfg = Debug|Any CPU
		{ACEFC15C-5B87-4D58-926B-FC6EE7DFC7ED}.Debug|Any CPU.Build.0 = Debug|Any CPU
		{ACEFC15C-5B87-4D58-926B-FC6EE7DFC7ED}.Release|Any CPU.ActiveCfg = Release|Any CPU
		{ACEFC15C-5B87-4D58-926B-FC6EE7DFC7ED}.Release|Any CPU.Build.0 = Release|Any CPU
		{81DDED9D-158B-E303-5F62-77A2896D2A5A}.Debug|Any CPU.ActiveCfg = Debug|Any CPU
		{81DDED9D-158B-E303-5F62-77A2896D2A5A}.Debug|Any CPU.Build.0 = Debug|Any CPU
		{81DDED9D-158B-E303-5F62-77A2896D2A5A}.Release|Any CPU.ActiveCfg = Release|Any CPU
		{81DDED9D-158B-E303-5F62-77A2896D2A5A}.Release|Any CPU.Build.0 = Release|Any CPU
	EndGlobalSection
	GlobalSection(SolutionProperties) = preSolution
		HideSolutionNode = FALSE
	EndGlobalSection
	GlobalSection(ExtensibilityGlobals) = postSolution
		SolutionGuid = {CF122971-8C26-4A0D-BEA2-01938BE542AF}
	EndGlobalSection
EndGlobal
